
Microsoft Visual Studio Solution File, Format Version 12.00
# Visual Studio Version 17
VisualStudioVersion = 17.7.34221.43
MinimumVisualStudioVersion = 10.0.40219.1
Project("{9A19103F-16F7-4668-BE54-9A1E7A4F7556}") = "BaekJoon10810", "BaekJoon10810\BaekJoon10810.csproj", "{7E03CD03-1CEA-43A0-B678-3CD0852224A7}"
EndProject
Project("{9A19103F-16F7-4668-BE54-9A1E7A4F7556}") = "BaekJoon10813", "BaekJoon10813\BaekJoon10813.csproj", "{5E16DF07-8A59-49FE-B205-1C2C1CCDC868}"
EndProject
Project("{9A19103F-16F7-4668-BE54-9A1E7A4F7556}") = "BaekJoon5597", "BaekJoon5597\BaekJoon5597.csproj", "{FF9D4974-2094-431B-9E8E-32A2DB7BAAEA}"
EndProject
Project("{FAE04EC0-301F-11D3-BF4B-00C04F79EFBC}") = "BaekJoon3052", "BaekJoon3052\BaekJoon3052.csproj", "{D576033F-814F-4A6D-B0E2-C878F9BD271E}"
EndProject
Global
	GlobalSection(SolutionConfigurationPlatforms) = preSolution
		Debug|Any CPU = Debug|Any CPU
		Release|Any CPU = Release|Any CPU
	EndGlobalSection
	GlobalSection(ProjectConfigurationPlatforms) = postSolution
		{7E03CD03-1CEA-43A0-B678-3CD0852224A7}.Debug|Any CPU.ActiveCfg = Debug|Any CPU
		{7E03CD03-1CEA-43A0-B678-3CD0852224A7}.Debug|Any CPU.Build.0 = Debug|Any CPU
		{7E03CD03-1CEA-43A0-B678-3CD0852224A7}.Release|Any CPU.ActiveCfg = Release|Any CPU
		{7E03CD03-1CEA-43A0-B678-3CD0852224A7}.Release|Any CPU.Build.0 = Release|Any CPU
		{5E16DF07-8A59-49FE-B205-1C2C1CCDC868}.Debug|Any CPU.ActiveCfg = Debug|Any CPU
		{5E16DF07-8A59-49FE-B205-1C2C1CCDC868}.Debug|Any CPU.Build.0 = Debug|Any CPU
		{5E16DF07-8A59-49FE-B205-1C2C1CCDC868}.Release|Any CPU.ActiveCfg = Release|Any CPU
		{5E16DF07-8A59-49FE-B205-1C2C1CCDC868}.Release|Any CPU.Build.0 = Release|Any CPU
		{FF9D4974-2094-431B-9E8E-32A2DB7BAAEA}.Debug|Any CPU.ActiveCfg = Debug|Any CPU
		{FF9D4974-2094-431B-9E8E-32A2DB7BAAEA}.Debug|Any CPU.Build.0 = Debug|Any CPU
		{FF9D4974-2094-431B-9E8E-32A2DB7BAAEA}.Release|Any CPU.ActiveCfg = Release|Any CPU
		{FF9D4974-2094-431B-9E8E-32A2DB7BAAEA}.Release|Any CPU.Build.0 = Release|Any CPU
		{D576033F-814F-4A6D-B0E2-C878F9BD271E}.Debug|Any CPU.ActiveCfg = Debug|Any CPU
		{D576033F-814F-4A6D-B0E2-C878F9BD271E}.Debug|Any CPU.Build.0 = Debug|Any CPU
		{D576033F-814F-4A6D-B0E2-C878F9BD271E}.Release|Any CPU.ActiveCfg = Release|Any CPU
		{D576033F-814F-4A6D-B0E2-C878F9BD271E}.Release|Any CPU.Build.0 = Release|Any CPU
	EndGlobalSection
	GlobalSection(SolutionProperties) = preSolution
		HideSolutionNode = FALSE
	EndGlobalSection
	GlobalSection(ExtensibilityGlobals) = postSolution
		SolutionGuid = {45EF8569-64DC-45DF-A5B4-D020BCC2B7B1}
	EndGlobalSection
EndGlobal
