
Microsoft Visual Studio Solution File, Format Version 12.00
# Visual Studio Version 17
VisualStudioVersion = 17.7.34221.43
MinimumVisualStudioVersion = 10.0.40219.1
Project("{9A19103F-16F7-4668-BE54-9A1E7A4F7556}") = "BaekJoon10810", "BaekJoon10810\BaekJoon10810.csproj", "{7E03CD03-1CEA-43A0-B678-3CD0852224A7}"
EndProject
Project("{9A19103F-16F7-4668-BE54-9A1E7A4F7556}") = "BaekJoon10813", "BaekJoon10813\BaekJoon10813.csproj", "{5E16DF07-8A59-49FE-B205-1C2C1CCDC868}"
EndProject
Project("{9A19103F-16F7-4668-BE54-9A1E7A4F7556}") = "BaekJoon5597", "BaekJoon5597\BaekJoon5597.csproj", "{FF9D4974-2094-431B-9E8E-32A2DB7BAAEA}"
EndProject
Project("{9A19103F-16F7-4668-BE54-9A1E7A4F7556}") = "BaekJoon3052", "BaekJoon3052\BaekJoon3052.csproj", "{D576033F-814F-4A6D-B0E2-C878F9BD271E}"
EndProject
Project("{9A19103F-16F7-4668-BE54-9A1E7A4F7556}") = "BaekJoon1546", "BaekJoon1546\BaekJoon1546.csproj", "{D8322477-5EF5-41B8-864B-38A06ACD7D60}"
EndProject
Project("{9A19103F-16F7-4668-BE54-9A1E7A4F7556}") = "BaekJoon27866", "BaekJoon27866\BaekJoon27866.csproj", "{43677A68-7D99-41A6-B45C-4E68B05794CA}"
EndProject
Project("{9A19103F-16F7-4668-BE54-9A1E7A4F7556}") = "BaekJoon2743", "BaekJoon2743\BaekJoon2743.csproj", "{D8DF9311-3A13-491E-B61B-E0C134598B24}"
EndProject
Project("{9A19103F-16F7-4668-BE54-9A1E7A4F7556}") = "BaekJoon9086", "BaekJoon9086\BaekJoon9086.csproj", "{AB077890-E43E-43A7-BC00-26A7933C121B}"
EndProject
Project("{9A19103F-16F7-4668-BE54-9A1E7A4F7556}") = "BaekJoon11654", "BaekJoon11654\BaekJoon11654.csproj", "{03FC2C22-924A-4602-88C8-8CD442A1E6E8}"
EndProject
Project("{9A19103F-16F7-4668-BE54-9A1E7A4F7556}") = "BaekJoon11720", "BaekJoon11720\BaekJoon11720.csproj", "{1870580D-B9F4-4B3E-9B98-2B1DD9D507D0}"
EndProject
Project("{9A19103F-16F7-4668-BE54-9A1E7A4F7556}") = "BaekJoon10809", "BaekJoon10809\BaekJoon10809.csproj", "{A3BD33F9-13AE-4748-9812-A9CB91391E5A}"
EndProject
Project("{9A19103F-16F7-4668-BE54-9A1E7A4F7556}") = "BaekJoon2675", "BaekJoon2675\BaekJoon2675.csproj", "{A6D0C571-6E24-4587-91D2-09619E4AF1C4}"
EndProject
Project("{9A19103F-16F7-4668-BE54-9A1E7A4F7556}") = "BaekJoon1152", "BaekJoon1152\BaekJoon1152.csproj", "{F0C35A98-9882-4E41-887D-68559E88E6BC}"
EndProject
Project("{9A19103F-16F7-4668-BE54-9A1E7A4F7556}") = "BaekJoon2908", "BaekJoon2908\BaekJoon2908.csproj", "{766C91EC-9C6C-4ABF-979E-22AE93065FCA}"
EndProject
Project("{9A19103F-16F7-4668-BE54-9A1E7A4F7556}") = "BaekJoon5622", "BaekJoon5622\BaekJoon5622.csproj", "{D2F105B6-38E2-4F9C-B429-1ADF0B6EBDC2}"
EndProject
Project("{9A19103F-16F7-4668-BE54-9A1E7A4F7556}") = "BaekJoon11718", "BaekJoon11718\BaekJoon11718.csproj", "{AD628FF3-8006-4A5A-B112-9D08CB106938}"
EndProject
Project("{9A19103F-16F7-4668-BE54-9A1E7A4F7556}") = "BaekJoon25083", "BaekJoon25083\BaekJoon25083.csproj", "{70CD72C1-13FC-462A-A329-262A149FC1B7}"
EndProject
Project("{9A19103F-16F7-4668-BE54-9A1E7A4F7556}") = "BaekJoon3003", "BaekJoon3003\BaekJoon3003.csproj", "{C722A7EE-7028-41FE-8F7E-3CDB4B906640}"
EndProject
Project("{9A19103F-16F7-4668-BE54-9A1E7A4F7556}") = "BaekJoon2444", "BaekJoon2444\BaekJoon2444.csproj", "{758AA4F7-833F-4AD8-B589-315B28F2C358}"
EndProject
Project("{9A19103F-16F7-4668-BE54-9A1E7A4F7556}") = "BaekJoon23971", "BaekJoon23971\BaekJoon23971.csproj", "{0E1A6C9B-8034-4F19-B48A-469E545F9D45}"
EndProject
Project("{9A19103F-16F7-4668-BE54-9A1E7A4F7556}") = "BaekJoon5073", "BaekJoon5073\BaekJoon5073.csproj", "{3AB0D5BD-F39C-4333-B663-3277327BF519}"
EndProject
Project("{9A19103F-16F7-4668-BE54-9A1E7A4F7556}") = "BaekJoon2292", "BaekJoon2292\BaekJoon2292.csproj", "{93541B86-A090-4929-B161-0C0704C0CA87}"
EndProject
Project("{9A19103F-16F7-4668-BE54-9A1E7A4F7556}") = "BaekJoon1157", "BaekJoon1157\BaekJoon1157.csproj", "{799017EF-9399-4AF0-B275-0D4D794E18F3}"
EndProject
Project("{9A19103F-16F7-4668-BE54-9A1E7A4F7556}") = "BaekJoon11723", "BaekJoon11723\BaekJoon11723.csproj", "{B27D1AC2-ACC8-4C24-B51F-D788F7A82BC1}"
EndProject
Project("{9A19103F-16F7-4668-BE54-9A1E7A4F7556}") = "BaekJoon9655", "BaekJoon9655\BaekJoon9655.csproj", "{49214499-AF55-4140-A137-8631F4893CBA}"
EndProject
Project("{9A19103F-16F7-4668-BE54-9A1E7A4F7556}") = "BaekJoon10431", "BaekJoon10431\BaekJoon10431.csproj", "{B1A0BFB5-C336-4AAD-B2FF-F66855A78A75}"
EndProject
Project("{9A19103F-16F7-4668-BE54-9A1E7A4F7556}") = "BaekJoon8979", "BaekJoon8979\BaekJoon8979.csproj", "{650F50D2-97A3-423F-BF45-732B01519B77}"
EndProject
Project("{9A19103F-16F7-4668-BE54-9A1E7A4F7556}") = "BaekJoon7568", "BaekJoon7568\BaekJoon7568.csproj", "{31C92ADB-ABEA-49D1-BBB8-90A3CDFADF00}"
EndProject
Project("{9A19103F-16F7-4668-BE54-9A1E7A4F7556}") = "BaekJoon4659", "BaekJoon4659\BaekJoon4659.csproj", "{5F402B9B-8325-410A-80C1-28364941A166}"
EndProject
Project("{9A19103F-16F7-4668-BE54-9A1E7A4F7556}") = "BaekJoon25757", "BaekJoon25757\BaekJoon25757.csproj", "{68127FC8-A4AC-4008-BBE3-E4235F27D669}"
EndProject
Project("{9A19103F-16F7-4668-BE54-9A1E7A4F7556}") = "BaekJoon20125", "BaekJoon20125\BaekJoon20125.csproj", "{5A38F5C6-88FF-4161-81AE-E10597CC5C63}"
EndProject
Project("{9A19103F-16F7-4668-BE54-9A1E7A4F7556}") = "BaekJoon1205", "BaekJoon1205\BaekJoon1205.csproj", "{5CF48CA4-F2D7-468A-9D11-10DCE27EEA21}"
EndProject
Project("{9A19103F-16F7-4668-BE54-9A1E7A4F7556}") = "BaekJoon1244", "BaekJoon1244\BaekJoon1244.csproj", "{B4A0399E-5DB4-4405-89EC-A20BB4CF0C12}"
EndProject
Project("{9A19103F-16F7-4668-BE54-9A1E7A4F7556}") = "BaekJoon9017", "BaekJoon9017\BaekJoon9017.csproj", "{8D108EFD-4E4A-4BB9-B4B7-325C4A73C6D4}"
EndProject
Project("{9A19103F-16F7-4668-BE54-9A1E7A4F7556}") = "BaekJoon17266", "BaekJoon17266\BaekJoon17266.csproj", "{E9BF1C5E-2C7A-4370-91BA-AB0428A47169}"
EndProject
Project("{9A19103F-16F7-4668-BE54-9A1E7A4F7556}") = "BaekJoon2164", "BaekJoon2164\BaekJoon2164.csproj", "{C93EF3FD-D035-4B4B-805B-472DAB326FEF}"
EndProject
Project("{9A19103F-16F7-4668-BE54-9A1E7A4F7556}") = "BaekJoon13305", "BaekJoon13305\BaekJoon13305.csproj", "{84F897F6-1A2D-4339-8E73-0A930566580C}"
EndProject
Project("{9A19103F-16F7-4668-BE54-9A1E7A4F7556}") = "BaekJoon20920", "BaekJoon20920\BaekJoon20920.csproj", "{5CEC2452-0CCB-4D87-ACE9-2C425C7FBD4C}"
EndProject
Project("{9A19103F-16F7-4668-BE54-9A1E7A4F7556}") = "BaekJoon2512", "BaekJoon2512\BaekJoon2512.csproj", "{14172DB9-C3E5-414B-B404-AFAA481460C5}"
EndProject
Project("{9A19103F-16F7-4668-BE54-9A1E7A4F7556}") = "BaekJoon21921", "BaekJoon21912\BaekJoon21921.csproj", "{3080D864-7786-41E9-A0C1-62FB73D83CC7}"
EndProject
Project("{9A19103F-16F7-4668-BE54-9A1E7A4F7556}") = "BaekJoon1515", "BaekJoon1515\BaekJoon1515.csproj", "{496426C0-0154-4D27-ACA2-71B19A470913}"
EndProject
Project("{9A19103F-16F7-4668-BE54-9A1E7A4F7556}") = "BaekJoon19941", "BaekJoon19941\BaekJoon19941.csproj", "{E7A3152F-18C0-4579-86BA-408F8EFEF09D}"
EndProject
Project("{9A19103F-16F7-4668-BE54-9A1E7A4F7556}") = "BaekJoon17484", "BaekJoon17484\BaekJoon17484.csproj", "{BFC4CC36-1C15-4FBF-8861-0CBEA1B977AF}"
EndProject
Project("{9A19103F-16F7-4668-BE54-9A1E7A4F7556}") = "BaekJoon2607", "BaekJoon2607\BaekJoon2607.csproj", "{11753846-03FF-4030-B9A6-35147770CDE9}"
EndProject
Project("{9A19103F-16F7-4668-BE54-9A1E7A4F7556}") = "BaekJoon3758", "BaekJoon3758\BaekJoon3758.csproj", "{C174DE29-47CC-425F-8B7D-592543CC28D7}"
EndProject
Project("{FAE04EC0-301F-11D3-BF4B-00C04F79EFBC}") = "BaekJoon20310", "BaekJoon20310\BaekJoon20310.csproj", "{BD7C7BE0-2C59-4BF3-8D79-580ED2BFA725}"
EndProject
Global
	GlobalSection(SolutionConfigurationPlatforms) = preSolution
		Debug|Any CPU = Debug|Any CPU
		Release|Any CPU = Release|Any CPU
	EndGlobalSection
	GlobalSection(ProjectConfigurationPlatforms) = postSolution
		{7E03CD03-1CEA-43A0-B678-3CD0852224A7}.Debug|Any CPU.ActiveCfg = Debug|Any CPU
		{7E03CD03-1CEA-43A0-B678-3CD0852224A7}.Debug|Any CPU.Build.0 = Debug|Any CPU
		{7E03CD03-1CEA-43A0-B678-3CD0852224A7}.Release|Any CPU.ActiveCfg = Release|Any CPU
		{7E03CD03-1CEA-43A0-B678-3CD0852224A7}.Release|Any CPU.Build.0 = Release|Any CPU
		{5E16DF07-8A59-49FE-B205-1C2C1CCDC868}.Debug|Any CPU.ActiveCfg = Debug|Any CPU
		{5E16DF07-8A59-49FE-B205-1C2C1CCDC868}.Debug|Any CPU.Build.0 = Debug|Any CPU
		{5E16DF07-8A59-49FE-B205-1C2C1CCDC868}.Release|Any CPU.ActiveCfg = Release|Any CPU
		{5E16DF07-8A59-49FE-B205-1C2C1CCDC868}.Release|Any CPU.Build.0 = Release|Any CPU
		{FF9D4974-2094-431B-9E8E-32A2DB7BAAEA}.Debug|Any CPU.ActiveCfg = Debug|Any CPU
		{FF9D4974-2094-431B-9E8E-32A2DB7BAAEA}.Debug|Any CPU.Build.0 = Debug|Any CPU
		{FF9D4974-2094-431B-9E8E-32A2DB7BAAEA}.Release|Any CPU.ActiveCfg = Release|Any CPU
		{FF9D4974-2094-431B-9E8E-32A2DB7BAAEA}.Release|Any CPU.Build.0 = Release|Any CPU
		{D576033F-814F-4A6D-B0E2-C878F9BD271E}.Debug|Any CPU.ActiveCfg = Debug|Any CPU
		{D576033F-814F-4A6D-B0E2-C878F9BD271E}.Debug|Any CPU.Build.0 = Debug|Any CPU
		{D576033F-814F-4A6D-B0E2-C878F9BD271E}.Release|Any CPU.ActiveCfg = Release|Any CPU
		{D576033F-814F-4A6D-B0E2-C878F9BD271E}.Release|Any CPU.Build.0 = Release|Any CPU
		{D8322477-5EF5-41B8-864B-38A06ACD7D60}.Debug|Any CPU.ActiveCfg = Debug|Any CPU
		{D8322477-5EF5-41B8-864B-38A06ACD7D60}.Debug|Any CPU.Build.0 = Debug|Any CPU
		{D8322477-5EF5-41B8-864B-38A06ACD7D60}.Release|Any CPU.ActiveCfg = Release|Any CPU
		{D8322477-5EF5-41B8-864B-38A06ACD7D60}.Release|Any CPU.Build.0 = Release|Any CPU
		{43677A68-7D99-41A6-B45C-4E68B05794CA}.Debug|Any CPU.ActiveCfg = Debug|Any CPU
		{43677A68-7D99-41A6-B45C-4E68B05794CA}.Debug|Any CPU.Build.0 = Debug|Any CPU
		{43677A68-7D99-41A6-B45C-4E68B05794CA}.Release|Any CPU.ActiveCfg = Release|Any CPU
		{43677A68-7D99-41A6-B45C-4E68B05794CA}.Release|Any CPU.Build.0 = Release|Any CPU
		{D8DF9311-3A13-491E-B61B-E0C134598B24}.Debug|Any CPU.ActiveCfg = Debug|Any CPU
		{D8DF9311-3A13-491E-B61B-E0C134598B24}.Debug|Any CPU.Build.0 = Debug|Any CPU
		{D8DF9311-3A13-491E-B61B-E0C134598B24}.Release|Any CPU.ActiveCfg = Release|Any CPU
		{D8DF9311-3A13-491E-B61B-E0C134598B24}.Release|Any CPU.Build.0 = Release|Any CPU
		{AB077890-E43E-43A7-BC00-26A7933C121B}.Debug|Any CPU.ActiveCfg = Debug|Any CPU
		{AB077890-E43E-43A7-BC00-26A7933C121B}.Debug|Any CPU.Build.0 = Debug|Any CPU
		{AB077890-E43E-43A7-BC00-26A7933C121B}.Release|Any CPU.ActiveCfg = Release|Any CPU
		{AB077890-E43E-43A7-BC00-26A7933C121B}.Release|Any CPU.Build.0 = Release|Any CPU
		{03FC2C22-924A-4602-88C8-8CD442A1E6E8}.Debug|Any CPU.ActiveCfg = Debug|Any CPU
		{03FC2C22-924A-4602-88C8-8CD442A1E6E8}.Debug|Any CPU.Build.0 = Debug|Any CPU
		{03FC2C22-924A-4602-88C8-8CD442A1E6E8}.Release|Any CPU.ActiveCfg = Release|Any CPU
		{03FC2C22-924A-4602-88C8-8CD442A1E6E8}.Release|Any CPU.Build.0 = Release|Any CPU
		{1870580D-B9F4-4B3E-9B98-2B1DD9D507D0}.Debug|Any CPU.ActiveCfg = Debug|Any CPU
		{1870580D-B9F4-4B3E-9B98-2B1DD9D507D0}.Debug|Any CPU.Build.0 = Debug|Any CPU
		{1870580D-B9F4-4B3E-9B98-2B1DD9D507D0}.Release|Any CPU.ActiveCfg = Release|Any CPU
		{1870580D-B9F4-4B3E-9B98-2B1DD9D507D0}.Release|Any CPU.Build.0 = Release|Any CPU
		{A3BD33F9-13AE-4748-9812-A9CB91391E5A}.Debug|Any CPU.ActiveCfg = Debug|Any CPU
		{A3BD33F9-13AE-4748-9812-A9CB91391E5A}.Debug|Any CPU.Build.0 = Debug|Any CPU
		{A3BD33F9-13AE-4748-9812-A9CB91391E5A}.Release|Any CPU.ActiveCfg = Release|Any CPU
		{A3BD33F9-13AE-4748-9812-A9CB91391E5A}.Release|Any CPU.Build.0 = Release|Any CPU
		{A6D0C571-6E24-4587-91D2-09619E4AF1C4}.Debug|Any CPU.ActiveCfg = Debug|Any CPU
		{A6D0C571-6E24-4587-91D2-09619E4AF1C4}.Debug|Any CPU.Build.0 = Debug|Any CPU
		{A6D0C571-6E24-4587-91D2-09619E4AF1C4}.Release|Any CPU.ActiveCfg = Release|Any CPU
		{A6D0C571-6E24-4587-91D2-09619E4AF1C4}.Release|Any CPU.Build.0 = Release|Any CPU
		{F0C35A98-9882-4E41-887D-68559E88E6BC}.Debug|Any CPU.ActiveCfg = Debug|Any CPU
		{F0C35A98-9882-4E41-887D-68559E88E6BC}.Debug|Any CPU.Build.0 = Debug|Any CPU
		{F0C35A98-9882-4E41-887D-68559E88E6BC}.Release|Any CPU.ActiveCfg = Release|Any CPU
		{F0C35A98-9882-4E41-887D-68559E88E6BC}.Release|Any CPU.Build.0 = Release|Any CPU
		{766C91EC-9C6C-4ABF-979E-22AE93065FCA}.Debug|Any CPU.ActiveCfg = Debug|Any CPU
		{766C91EC-9C6C-4ABF-979E-22AE93065FCA}.Debug|Any CPU.Build.0 = Debug|Any CPU
		{766C91EC-9C6C-4ABF-979E-22AE93065FCA}.Release|Any CPU.ActiveCfg = Release|Any CPU
		{766C91EC-9C6C-4ABF-979E-22AE93065FCA}.Release|Any CPU.Build.0 = Release|Any CPU
		{D2F105B6-38E2-4F9C-B429-1ADF0B6EBDC2}.Debug|Any CPU.ActiveCfg = Debug|Any CPU
		{D2F105B6-38E2-4F9C-B429-1ADF0B6EBDC2}.Debug|Any CPU.Build.0 = Debug|Any CPU
		{D2F105B6-38E2-4F9C-B429-1ADF0B6EBDC2}.Release|Any CPU.ActiveCfg = Release|Any CPU
		{D2F105B6-38E2-4F9C-B429-1ADF0B6EBDC2}.Release|Any CPU.Build.0 = Release|Any CPU
		{AD628FF3-8006-4A5A-B112-9D08CB106938}.Debug|Any CPU.ActiveCfg = Debug|Any CPU
		{AD628FF3-8006-4A5A-B112-9D08CB106938}.Debug|Any CPU.Build.0 = Debug|Any CPU
		{AD628FF3-8006-4A5A-B112-9D08CB106938}.Release|Any CPU.ActiveCfg = Release|Any CPU
		{AD628FF3-8006-4A5A-B112-9D08CB106938}.Release|Any CPU.Build.0 = Release|Any CPU
		{70CD72C1-13FC-462A-A329-262A149FC1B7}.Debug|Any CPU.ActiveCfg = Debug|Any CPU
		{70CD72C1-13FC-462A-A329-262A149FC1B7}.Debug|Any CPU.Build.0 = Debug|Any CPU
		{70CD72C1-13FC-462A-A329-262A149FC1B7}.Release|Any CPU.ActiveCfg = Release|Any CPU
		{70CD72C1-13FC-462A-A329-262A149FC1B7}.Release|Any CPU.Build.0 = Release|Any CPU
		{C722A7EE-7028-41FE-8F7E-3CDB4B906640}.Debug|Any CPU.ActiveCfg = Debug|Any CPU
		{C722A7EE-7028-41FE-8F7E-3CDB4B906640}.Debug|Any CPU.Build.0 = Debug|Any CPU
		{C722A7EE-7028-41FE-8F7E-3CDB4B906640}.Release|Any CPU.ActiveCfg = Release|Any CPU
		{C722A7EE-7028-41FE-8F7E-3CDB4B906640}.Release|Any CPU.Build.0 = Release|Any CPU
		{758AA4F7-833F-4AD8-B589-315B28F2C358}.Debug|Any CPU.ActiveCfg = Debug|Any CPU
		{758AA4F7-833F-4AD8-B589-315B28F2C358}.Debug|Any CPU.Build.0 = Debug|Any CPU
		{758AA4F7-833F-4AD8-B589-315B28F2C358}.Release|Any CPU.ActiveCfg = Release|Any CPU
		{758AA4F7-833F-4AD8-B589-315B28F2C358}.Release|Any CPU.Build.0 = Release|Any CPU
		{0E1A6C9B-8034-4F19-B48A-469E545F9D45}.Debug|Any CPU.ActiveCfg = Debug|Any CPU
		{0E1A6C9B-8034-4F19-B48A-469E545F9D45}.Debug|Any CPU.Build.0 = Debug|Any CPU
		{0E1A6C9B-8034-4F19-B48A-469E545F9D45}.Release|Any CPU.ActiveCfg = Release|Any CPU
		{0E1A6C9B-8034-4F19-B48A-469E545F9D45}.Release|Any CPU.Build.0 = Release|Any CPU
		{3AB0D5BD-F39C-4333-B663-3277327BF519}.Debug|Any CPU.ActiveCfg = Debug|Any CPU
		{3AB0D5BD-F39C-4333-B663-3277327BF519}.Debug|Any CPU.Build.0 = Debug|Any CPU
		{3AB0D5BD-F39C-4333-B663-3277327BF519}.Release|Any CPU.ActiveCfg = Release|Any CPU
		{3AB0D5BD-F39C-4333-B663-3277327BF519}.Release|Any CPU.Build.0 = Release|Any CPU
		{93541B86-A090-4929-B161-0C0704C0CA87}.Debug|Any CPU.ActiveCfg = Debug|Any CPU
		{93541B86-A090-4929-B161-0C0704C0CA87}.Debug|Any CPU.Build.0 = Debug|Any CPU
		{93541B86-A090-4929-B161-0C0704C0CA87}.Release|Any CPU.ActiveCfg = Release|Any CPU
		{93541B86-A090-4929-B161-0C0704C0CA87}.Release|Any CPU.Build.0 = Release|Any CPU
		{799017EF-9399-4AF0-B275-0D4D794E18F3}.Debug|Any CPU.ActiveCfg = Debug|Any CPU
		{799017EF-9399-4AF0-B275-0D4D794E18F3}.Debug|Any CPU.Build.0 = Debug|Any CPU
		{799017EF-9399-4AF0-B275-0D4D794E18F3}.Release|Any CPU.ActiveCfg = Release|Any CPU
		{799017EF-9399-4AF0-B275-0D4D794E18F3}.Release|Any CPU.Build.0 = Release|Any CPU
		{B27D1AC2-ACC8-4C24-B51F-D788F7A82BC1}.Debug|Any CPU.ActiveCfg = Debug|Any CPU
		{B27D1AC2-ACC8-4C24-B51F-D788F7A82BC1}.Debug|Any CPU.Build.0 = Debug|Any CPU
		{B27D1AC2-ACC8-4C24-B51F-D788F7A82BC1}.Release|Any CPU.ActiveCfg = Release|Any CPU
		{B27D1AC2-ACC8-4C24-B51F-D788F7A82BC1}.Release|Any CPU.Build.0 = Release|Any CPU
		{49214499-AF55-4140-A137-8631F4893CBA}.Debug|Any CPU.ActiveCfg = Debug|Any CPU
		{49214499-AF55-4140-A137-8631F4893CBA}.Debug|Any CPU.Build.0 = Debug|Any CPU
		{49214499-AF55-4140-A137-8631F4893CBA}.Release|Any CPU.ActiveCfg = Release|Any CPU
		{49214499-AF55-4140-A137-8631F4893CBA}.Release|Any CPU.Build.0 = Release|Any CPU
		{B1A0BFB5-C336-4AAD-B2FF-F66855A78A75}.Debug|Any CPU.ActiveCfg = Debug|Any CPU
		{B1A0BFB5-C336-4AAD-B2FF-F66855A78A75}.Debug|Any CPU.Build.0 = Debug|Any CPU
		{B1A0BFB5-C336-4AAD-B2FF-F66855A78A75}.Release|Any CPU.ActiveCfg = Release|Any CPU
		{B1A0BFB5-C336-4AAD-B2FF-F66855A78A75}.Release|Any CPU.Build.0 = Release|Any CPU
		{650F50D2-97A3-423F-BF45-732B01519B77}.Debug|Any CPU.ActiveCfg = Debug|Any CPU
		{650F50D2-97A3-423F-BF45-732B01519B77}.Debug|Any CPU.Build.0 = Debug|Any CPU
		{650F50D2-97A3-423F-BF45-732B01519B77}.Release|Any CPU.ActiveCfg = Release|Any CPU
		{650F50D2-97A3-423F-BF45-732B01519B77}.Release|Any CPU.Build.0 = Release|Any CPU
		{31C92ADB-ABEA-49D1-BBB8-90A3CDFADF00}.Debug|Any CPU.ActiveCfg = Debug|Any CPU
		{31C92ADB-ABEA-49D1-BBB8-90A3CDFADF00}.Debug|Any CPU.Build.0 = Debug|Any CPU
		{31C92ADB-ABEA-49D1-BBB8-90A3CDFADF00}.Release|Any CPU.ActiveCfg = Release|Any CPU
		{31C92ADB-ABEA-49D1-BBB8-90A3CDFADF00}.Release|Any CPU.Build.0 = Release|Any CPU
		{5F402B9B-8325-410A-80C1-28364941A166}.Debug|Any CPU.ActiveCfg = Debug|Any CPU
		{5F402B9B-8325-410A-80C1-28364941A166}.Debug|Any CPU.Build.0 = Debug|Any CPU
		{5F402B9B-8325-410A-80C1-28364941A166}.Release|Any CPU.ActiveCfg = Release|Any CPU
		{5F402B9B-8325-410A-80C1-28364941A166}.Release|Any CPU.Build.0 = Release|Any CPU
		{68127FC8-A4AC-4008-BBE3-E4235F27D669}.Debug|Any CPU.ActiveCfg = Debug|Any CPU
		{68127FC8-A4AC-4008-BBE3-E4235F27D669}.Debug|Any CPU.Build.0 = Debug|Any CPU
		{68127FC8-A4AC-4008-BBE3-E4235F27D669}.Release|Any CPU.ActiveCfg = Release|Any CPU
		{68127FC8-A4AC-4008-BBE3-E4235F27D669}.Release|Any CPU.Build.0 = Release|Any CPU
		{5A38F5C6-88FF-4161-81AE-E10597CC5C63}.Debug|Any CPU.ActiveCfg = Debug|Any CPU
		{5A38F5C6-88FF-4161-81AE-E10597CC5C63}.Debug|Any CPU.Build.0 = Debug|Any CPU
		{5A38F5C6-88FF-4161-81AE-E10597CC5C63}.Release|Any CPU.ActiveCfg = Release|Any CPU
		{5A38F5C6-88FF-4161-81AE-E10597CC5C63}.Release|Any CPU.Build.0 = Release|Any CPU
		{5CF48CA4-F2D7-468A-9D11-10DCE27EEA21}.Debug|Any CPU.ActiveCfg = Debug|Any CPU
		{5CF48CA4-F2D7-468A-9D11-10DCE27EEA21}.Debug|Any CPU.Build.0 = Debug|Any CPU
		{5CF48CA4-F2D7-468A-9D11-10DCE27EEA21}.Release|Any CPU.ActiveCfg = Release|Any CPU
		{5CF48CA4-F2D7-468A-9D11-10DCE27EEA21}.Release|Any CPU.Build.0 = Release|Any CPU
		{B4A0399E-5DB4-4405-89EC-A20BB4CF0C12}.Debug|Any CPU.ActiveCfg = Debug|Any CPU
		{B4A0399E-5DB4-4405-89EC-A20BB4CF0C12}.Debug|Any CPU.Build.0 = Debug|Any CPU
		{B4A0399E-5DB4-4405-89EC-A20BB4CF0C12}.Release|Any CPU.ActiveCfg = Release|Any CPU
		{B4A0399E-5DB4-4405-89EC-A20BB4CF0C12}.Release|Any CPU.Build.0 = Release|Any CPU
		{8D108EFD-4E4A-4BB9-B4B7-325C4A73C6D4}.Debug|Any CPU.ActiveCfg = Debug|Any CPU
		{8D108EFD-4E4A-4BB9-B4B7-325C4A73C6D4}.Debug|Any CPU.Build.0 = Debug|Any CPU
		{8D108EFD-4E4A-4BB9-B4B7-325C4A73C6D4}.Release|Any CPU.ActiveCfg = Release|Any CPU
		{8D108EFD-4E4A-4BB9-B4B7-325C4A73C6D4}.Release|Any CPU.Build.0 = Release|Any CPU
		{E9BF1C5E-2C7A-4370-91BA-AB0428A47169}.Debug|Any CPU.ActiveCfg = Debug|Any CPU
		{E9BF1C5E-2C7A-4370-91BA-AB0428A47169}.Debug|Any CPU.Build.0 = Debug|Any CPU
		{E9BF1C5E-2C7A-4370-91BA-AB0428A47169}.Release|Any CPU.ActiveCfg = Release|Any CPU
		{E9BF1C5E-2C7A-4370-91BA-AB0428A47169}.Release|Any CPU.Build.0 = Release|Any CPU
		{C93EF3FD-D035-4B4B-805B-472DAB326FEF}.Debug|Any CPU.ActiveCfg = Debug|Any CPU
		{C93EF3FD-D035-4B4B-805B-472DAB326FEF}.Debug|Any CPU.Build.0 = Debug|Any CPU
		{C93EF3FD-D035-4B4B-805B-472DAB326FEF}.Release|Any CPU.ActiveCfg = Release|Any CPU
		{C93EF3FD-D035-4B4B-805B-472DAB326FEF}.Release|Any CPU.Build.0 = Release|Any CPU
		{84F897F6-1A2D-4339-8E73-0A930566580C}.Debug|Any CPU.ActiveCfg = Debug|Any CPU
		{84F897F6-1A2D-4339-8E73-0A930566580C}.Debug|Any CPU.Build.0 = Debug|Any CPU
		{84F897F6-1A2D-4339-8E73-0A930566580C}.Release|Any CPU.ActiveCfg = Release|Any CPU
		{84F897F6-1A2D-4339-8E73-0A930566580C}.Release|Any CPU.Build.0 = Release|Any CPU
		{5CEC2452-0CCB-4D87-ACE9-2C425C7FBD4C}.Debug|Any CPU.ActiveCfg = Debug|Any CPU
		{5CEC2452-0CCB-4D87-ACE9-2C425C7FBD4C}.Debug|Any CPU.Build.0 = Debug|Any CPU
		{5CEC2452-0CCB-4D87-ACE9-2C425C7FBD4C}.Release|Any CPU.ActiveCfg = Release|Any CPU
		{5CEC2452-0CCB-4D87-ACE9-2C425C7FBD4C}.Release|Any CPU.Build.0 = Release|Any CPU
		{14172DB9-C3E5-414B-B404-AFAA481460C5}.Debug|Any CPU.ActiveCfg = Debug|Any CPU
		{14172DB9-C3E5-414B-B404-AFAA481460C5}.Debug|Any CPU.Build.0 = Debug|Any CPU
		{14172DB9-C3E5-414B-B404-AFAA481460C5}.Release|Any CPU.ActiveCfg = Release|Any CPU
		{14172DB9-C3E5-414B-B404-AFAA481460C5}.Release|Any CPU.Build.0 = Release|Any CPU
		{3080D864-7786-41E9-A0C1-62FB73D83CC7}.Debug|Any CPU.ActiveCfg = Debug|Any CPU
		{3080D864-7786-41E9-A0C1-62FB73D83CC7}.Debug|Any CPU.Build.0 = Debug|Any CPU
		{3080D864-7786-41E9-A0C1-62FB73D83CC7}.Release|Any CPU.ActiveCfg = Release|Any CPU
		{3080D864-7786-41E9-A0C1-62FB73D83CC7}.Release|Any CPU.Build.0 = Release|Any CPU
		{496426C0-0154-4D27-ACA2-71B19A470913}.Debug|Any CPU.ActiveCfg = Debug|Any CPU
		{496426C0-0154-4D27-ACA2-71B19A470913}.Debug|Any CPU.Build.0 = Debug|Any CPU
		{496426C0-0154-4D27-ACA2-71B19A470913}.Release|Any CPU.ActiveCfg = Release|Any CPU
		{496426C0-0154-4D27-ACA2-71B19A470913}.Release|Any CPU.Build.0 = Release|Any CPU
		{E7A3152F-18C0-4579-86BA-408F8EFEF09D}.Debug|Any CPU.ActiveCfg = Debug|Any CPU
		{E7A3152F-18C0-4579-86BA-408F8EFEF09D}.Debug|Any CPU.Build.0 = Debug|Any CPU
		{E7A3152F-18C0-4579-86BA-408F8EFEF09D}.Release|Any CPU.ActiveCfg = Release|Any CPU
		{E7A3152F-18C0-4579-86BA-408F8EFEF09D}.Release|Any CPU.Build.0 = Release|Any CPU
		{BFC4CC36-1C15-4FBF-8861-0CBEA1B977AF}.Debug|Any CPU.ActiveCfg = Debug|Any CPU
		{BFC4CC36-1C15-4FBF-8861-0CBEA1B977AF}.Debug|Any CPU.Build.0 = Debug|Any CPU
		{BFC4CC36-1C15-4FBF-8861-0CBEA1B977AF}.Release|Any CPU.ActiveCfg = Release|Any CPU
		{BFC4CC36-1C15-4FBF-8861-0CBEA1B977AF}.Release|Any CPU.Build.0 = Release|Any CPU
		{11753846-03FF-4030-B9A6-35147770CDE9}.Debug|Any CPU.ActiveCfg = Debug|Any CPU
		{11753846-03FF-4030-B9A6-35147770CDE9}.Debug|Any CPU.Build.0 = Debug|Any CPU
		{11753846-03FF-4030-B9A6-35147770CDE9}.Release|Any CPU.ActiveCfg = Release|Any CPU
		{11753846-03FF-4030-B9A6-35147770CDE9}.Release|Any CPU.Build.0 = Release|Any CPU
		{C174DE29-47CC-425F-8B7D-592543CC28D7}.Debug|Any CPU.ActiveCfg = Debug|Any CPU
		{C174DE29-47CC-425F-8B7D-592543CC28D7}.Debug|Any CPU.Build.0 = Debug|Any CPU
		{C174DE29-47CC-425F-8B7D-592543CC28D7}.Release|Any CPU.ActiveCfg = Release|Any CPU
		{C174DE29-47CC-425F-8B7D-592543CC28D7}.Release|Any CPU.Build.0 = Release|Any CPU
		{BD7C7BE0-2C59-4BF3-8D79-580ED2BFA725}.Debug|Any CPU.ActiveCfg = Debug|Any CPU
		{BD7C7BE0-2C59-4BF3-8D79-580ED2BFA725}.Debug|Any CPU.Build.0 = Debug|Any CPU
		{BD7C7BE0-2C59-4BF3-8D79-580ED2BFA725}.Release|Any CPU.ActiveCfg = Release|Any CPU
		{BD7C7BE0-2C59-4BF3-8D79-580ED2BFA725}.Release|Any CPU.Build.0 = Release|Any CPU
	EndGlobalSection
	GlobalSection(SolutionProperties) = preSolution
		HideSolutionNode = FALSE
	EndGlobalSection
	GlobalSection(ExtensibilityGlobals) = postSolution
		SolutionGuid = {45EF8569-64DC-45DF-A5B4-D020BCC2B7B1}
	EndGlobalSection
EndGlobal
